// !$*UTF8*$!
{
	archiveVersion = 1;
	classes = {
	};
	objectVersion = 46;
	objects = {

/* Begin PBXBuildFile section */
		7EED520D1E637C6700669184 /* userTypeSelectionViewController.swift in Sources */ = {isa = PBXBuildFile; fileRef = 7EED520C1E637C6700669184 /* userTypeSelectionViewController.swift */; };
		A009C7911E5A44CF009095E8 /* customerViewController.swift in Sources */ = {isa = PBXBuildFile; fileRef = A009C7901E5A44CF009095E8 /* customerViewController.swift */; };
		A0117A3C1E636C3B00A331CF /* menuViewController.swift in Sources */ = {isa = PBXBuildFile; fileRef = A0117A3B1E636C3B00A331CF /* menuViewController.swift */; };
		A030DD7D1E4FB45D0049539D /* AppDelegate.swift in Sources */ = {isa = PBXBuildFile; fileRef = A030DD7C1E4FB45D0049539D /* AppDelegate.swift */; };
		A030DD7F1E4FB45D0049539D /* ViewController.swift in Sources */ = {isa = PBXBuildFile; fileRef = A030DD7E1E4FB45D0049539D /* ViewController.swift */; };
		A030DD821E4FB45D0049539D /* Main.storyboard in Resources */ = {isa = PBXBuildFile; fileRef = A030DD801E4FB45D0049539D /* Main.storyboard */; };
		A030DD841E4FB45D0049539D /* Assets.xcassets in Resources */ = {isa = PBXBuildFile; fileRef = A030DD831E4FB45D0049539D /* Assets.xcassets */; };
		A030DD871E4FB45D0049539D /* LaunchScreen.storyboard in Resources */ = {isa = PBXBuildFile; fileRef = A030DD851E4FB45D0049539D /* LaunchScreen.storyboard */; };
		A09F16561E5A8C05003B2BB0 /* paymentViewController.swift in Sources */ = {isa = PBXBuildFile; fileRef = A09F16551E5A8C05003B2BB0 /* paymentViewController.swift */; };
		A0C14C391E5A0726003555D5 /* userLoginViewController.swift in Sources */ = {isa = PBXBuildFile; fileRef = A0C14C381E5A0726003555D5 /* userLoginViewController.swift */; };
		CA30E256831FA78057A1E448 /* Pods_Bar_Tabs.framework in Frameworks */ = {isa = PBXBuildFile; fileRef = A4F3D1E041A64E6CC99904B5 /* Pods_Bar_Tabs.framework */; };
/* End PBXBuildFile section */

/* Begin PBXFileReference section */
		265CA14D6751A56538014C0B /* Pods-Bar Tabs.debug.xcconfig */ = {isa = PBXFileReference; includeInIndex = 1; lastKnownFileType = text.xcconfig; name = "Pods-Bar Tabs.debug.xcconfig"; path = "Pods/Target Support Files/Pods-Bar Tabs/Pods-Bar Tabs.debug.xcconfig"; sourceTree = "<group>"; };
		7EED520C1E637C6700669184 /* userTypeSelectionViewController.swift */ = {isa = PBXFileReference; fileEncoding = 4; lastKnownFileType = sourcecode.swift; path = userTypeSelectionViewController.swift; sourceTree = "<group>"; };
		A009C7901E5A44CF009095E8 /* customerViewController.swift */ = {isa = PBXFileReference; fileEncoding = 4; lastKnownFileType = sourcecode.swift; path = customerViewController.swift; sourceTree = "<group>"; };
		A0117A3B1E636C3B00A331CF /* menuViewController.swift */ = {isa = PBXFileReference; fileEncoding = 4; lastKnownFileType = sourcecode.swift; path = menuViewController.swift; sourceTree = "<group>"; };
		A030DD791E4FB45D0049539D /* Bar Tabs.app */ = {isa = PBXFileReference; explicitFileType = wrapper.application; includeInIndex = 0; path = "Bar Tabs.app"; sourceTree = BUILT_PRODUCTS_DIR; };
		A030DD7C1E4FB45D0049539D /* AppDelegate.swift */ = {isa = PBXFileReference; lastKnownFileType = sourcecode.swift; path = AppDelegate.swift; sourceTree = "<group>"; };
		A030DD7E1E4FB45D0049539D /* ViewController.swift */ = {isa = PBXFileReference; lastKnownFileType = sourcecode.swift; path = ViewController.swift; sourceTree = "<group>"; };
		A030DD811E4FB45D0049539D /* Base */ = {isa = PBXFileReference; lastKnownFileType = file.storyboard; name = Base; path = Base.lproj/Main.storyboard; sourceTree = "<group>"; };
		A030DD831E4FB45D0049539D /* Assets.xcassets */ = {isa = PBXFileReference; lastKnownFileType = folder.assetcatalog; path = Assets.xcassets; sourceTree = "<group>"; };
		A030DD861E4FB45D0049539D /* Base */ = {isa = PBXFileReference; lastKnownFileType = file.storyboard; name = Base; path = Base.lproj/LaunchScreen.storyboard; sourceTree = "<group>"; };
		A030DD881E4FB45D0049539D /* Info.plist */ = {isa = PBXFileReference; lastKnownFileType = text.plist.xml; path = Info.plist; sourceTree = "<group>"; };
		A09F16551E5A8C05003B2BB0 /* paymentViewController.swift */ = {isa = PBXFileReference; fileEncoding = 4; lastKnownFileType = sourcecode.swift; path = paymentViewController.swift; sourceTree = "<group>"; };
		A0C14C381E5A0726003555D5 /* userLoginViewController.swift */ = {isa = PBXFileReference; fileEncoding = 4; lastKnownFileType = sourcecode.swift; path = userLoginViewController.swift; sourceTree = "<group>"; };
		A4F3D1E041A64E6CC99904B5 /* Pods_Bar_Tabs.framework */ = {isa = PBXFileReference; explicitFileType = wrapper.framework; includeInIndex = 0; path = Pods_Bar_Tabs.framework; sourceTree = BUILT_PRODUCTS_DIR; };
		B9B886795B43E4489287E26A /* Pods-Bar Tabs.release.xcconfig */ = {isa = PBXFileReference; includeInIndex = 1; lastKnownFileType = text.xcconfig; name = "Pods-Bar Tabs.release.xcconfig"; path = "Pods/Target Support Files/Pods-Bar Tabs/Pods-Bar Tabs.release.xcconfig"; sourceTree = "<group>"; };
/* End PBXFileReference section */

/* Begin PBXFrameworksBuildPhase section */
		A030DD761E4FB45D0049539D /* Frameworks */ = {
			isa = PBXFrameworksBuildPhase;
			buildActionMask = 2147483647;
			files = (
				CA30E256831FA78057A1E448 /* Pods_Bar_Tabs.framework in Frameworks */,
			);
			runOnlyForDeploymentPostprocessing = 0;
		};
/* End PBXFrameworksBuildPhase section */

/* Begin PBXGroup section */
		96FDC85AA8B325D9B546BD74 /* Frameworks */ = {
			isa = PBXGroup;
			children = (
				A4F3D1E041A64E6CC99904B5 /* Pods_Bar_Tabs.framework */,
			);
			name = Frameworks;
			sourceTree = "<group>";
		};
		A030DD701E4FB45D0049539D = {
			isa = PBXGroup;
			children = (
				A030DD7B1E4FB45D0049539D /* Bar Tabs */,
				A030DD7A1E4FB45D0049539D /* Products */,
				F54383F60B1B127D2E644CF6 /* Pods */,
				96FDC85AA8B325D9B546BD74 /* Frameworks */,
			);
			sourceTree = "<group>";
		};
		A030DD7A1E4FB45D0049539D /* Products */ = {
			isa = PBXGroup;
			children = (
				A030DD791E4FB45D0049539D /* Bar Tabs.app */,
			);
			name = Products;
			sourceTree = "<group>";
		};
		A030DD7B1E4FB45D0049539D /* Bar Tabs */ = {
			isa = PBXGroup;
			children = (
				A030DD7C1E4FB45D0049539D /* AppDelegate.swift */,
				A030DD7E1E4FB45D0049539D /* ViewController.swift */,
				A0C14C381E5A0726003555D5 /* userLoginViewController.swift */,
				A009C7901E5A44CF009095E8 /* customerViewController.swift */,
				A09F16551E5A8C05003B2BB0 /* paymentViewController.swift */,
				A0117A3B1E636C3B00A331CF /* menuViewController.swift */,
				7EED520C1E637C6700669184 /* userTypeSelectionViewController.swift */,
				A030DD801E4FB45D0049539D /* Main.storyboard */,
				A030DD831E4FB45D0049539D /* Assets.xcassets */,
				A030DD851E4FB45D0049539D /* LaunchScreen.storyboard */,
				A030DD881E4FB45D0049539D /* Info.plist */,
			);
			path = "Bar Tabs";
			sourceTree = "<group>";
		};
		F54383F60B1B127D2E644CF6 /* Pods */ = {
			isa = PBXGroup;
			children = (
				265CA14D6751A56538014C0B /* Pods-Bar Tabs.debug.xcconfig */,
				B9B886795B43E4489287E26A /* Pods-Bar Tabs.release.xcconfig */,
			);
			name = Pods;
			sourceTree = "<group>";
		};
/* End PBXGroup section */

/* Begin PBXNativeTarget section */
		A030DD781E4FB45D0049539D /* Bar Tabs */ = {
			isa = PBXNativeTarget;
			buildConfigurationList = A030DD8B1E4FB45D0049539D /* Build configuration list for PBXNativeTarget "Bar Tabs" */;
			buildPhases = (
				5833752784BEC02FD309A86C /* [CP] Check Pods Manifest.lock */,
				A030DD751E4FB45D0049539D /* Sources */,
				A030DD761E4FB45D0049539D /* Frameworks */,
				A030DD771E4FB45D0049539D /* Resources */,
				A0C035A5C626E42B1173FB2C /* [CP] Embed Pods Frameworks */,
				493F6C75F78BEAB55C6607F5 /* [CP] Copy Pods Resources */,
			);
			buildRules = (
			);
			dependencies = (
			);
			name = "Bar Tabs";
			productName = "Bar Tabs";
			productReference = A030DD791E4FB45D0049539D /* Bar Tabs.app */;
			productType = "com.apple.product-type.application";
		};
/* End PBXNativeTarget section */

/* Begin PBXProject section */
		A030DD711E4FB45D0049539D /* Project object */ = {
			isa = PBXProject;
			attributes = {
				LastSwiftUpdateCheck = 0820;
				LastUpgradeCheck = 0820;
				ORGANIZATIONNAME = muhlenberg;
				TargetAttributes = {
					A030DD781E4FB45D0049539D = {
						CreatedOnToolsVersion = 8.2.1;
						ProvisioningStyle = Automatic;
					};
				};
			};
			buildConfigurationList = A030DD741E4FB45D0049539D /* Build configuration list for PBXProject "Bar Tabs" */;
			compatibilityVersion = "Xcode 3.2";
			developmentRegion = English;
			hasScannedForEncodings = 0;
			knownRegions = (
				en,
				Base,
			);
			mainGroup = A030DD701E4FB45D0049539D;
			productRefGroup = A030DD7A1E4FB45D0049539D /* Products */;
			projectDirPath = "";
			projectRoot = "";
			targets = (
				A030DD781E4FB45D0049539D /* Bar Tabs */,
			);
		};
/* End PBXProject section */

/* Begin PBXResourcesBuildPhase section */
		A030DD771E4FB45D0049539D /* Resources */ = {
			isa = PBXResourcesBuildPhase;
			buildActionMask = 2147483647;
			files = (
				A030DD871E4FB45D0049539D /* LaunchScreen.storyboard in Resources */,
				A030DD841E4FB45D0049539D /* Assets.xcassets in Resources */,
				A030DD821E4FB45D0049539D /* Main.storyboard in Resources */,
			);
			runOnlyForDeploymentPostprocessing = 0;
		};
/* End PBXResourcesBuildPhase section */

/* Begin PBXShellScriptBuildPhase section */
		493F6C75F78BEAB55C6607F5 /* [CP] Copy Pods Resources */ = {
			isa = PBXShellScriptBuildPhase;
			buildActionMask = 2147483647;
			files = (
			);
			inputPaths = (
			);
			name = "[CP] Copy Pods Resources";
			outputPaths = (
			);
			runOnlyForDeploymentPostprocessing = 0;
			shellPath = /bin/sh;
			shellScript = "\"${SRCROOT}/Pods/Target Support Files/Pods-Bar Tabs/Pods-Bar Tabs-resources.sh\"\n";
			showEnvVarsInLog = 0;
		};
		5833752784BEC02FD309A86C /* [CP] Check Pods Manifest.lock */ = {
			isa = PBXShellScriptBuildPhase;
			buildActionMask = 2147483647;
			files = (
			);
			inputPaths = (
			);
			name = "[CP] Check Pods Manifest.lock";
			outputPaths = (
			);
			runOnlyForDeploymentPostprocessing = 0;
			shellPath = /bin/sh;
			shellScript = "diff \"${PODS_ROOT}/../Podfile.lock\" \"${PODS_ROOT}/Manifest.lock\" > /dev/null\nif [ $? != 0 ] ; then\n    # print error to STDERR\n    echo \"error: The sandbox is not in sync with the Podfile.lock. Run 'pod install' or update your CocoaPods installation.\" >&2\n    exit 1\nfi\n";
			showEnvVarsInLog = 0;
		};
		A0C035A5C626E42B1173FB2C /* [CP] Embed Pods Frameworks */ = {
			isa = PBXShellScriptBuildPhase;
			buildActionMask = 2147483647;
			files = (
			);
			inputPaths = (
			);
			name = "[CP] Embed Pods Frameworks";
			outputPaths = (
			);
			runOnlyForDeploymentPostprocessing = 0;
			shellPath = /bin/sh;
			shellScript = "\"${SRCROOT}/Pods/Target Support Files/Pods-Bar Tabs/Pods-Bar Tabs-frameworks.sh\"\n";
			showEnvVarsInLog = 0;
		};
/* End PBXShellScriptBuildPhase section */

/* Begin PBXSourcesBuildPhase section */
		A030DD751E4FB45D0049539D /* Sources */ = {
			isa = PBXSourcesBuildPhase;
			buildActionMask = 2147483647;
			files = (
				A009C7911E5A44CF009095E8 /* customerViewController.swift in Sources */,
				A0C14C391E5A0726003555D5 /* userLoginViewController.swift in Sources */,
				A030DD7F1E4FB45D0049539D /* ViewController.swift in Sources */,
				A0117A3C1E636C3B00A331CF /* menuViewController.swift in Sources */,
				7EED520D1E637C6700669184 /* userTypeSelectionViewController.swift in Sources */,
				A09F16561E5A8C05003B2BB0 /* paymentViewController.swift in Sources */,
				A030DD7D1E4FB45D0049539D /* AppDelegate.swift in Sources */,
			);
			runOnlyForDeploymentPostprocessing = 0;
		};
/* End PBXSourcesBuildPhase section */

/* Begin PBXVariantGroup section */
		A030DD801E4FB45D0049539D /* Main.storyboard */ = {
			isa = PBXVariantGroup;
			children = (
				A030DD811E4FB45D0049539D /* Base */,
			);
			name = Main.storyboard;
			sourceTree = "<group>";
		};
		A030DD851E4FB45D0049539D /* LaunchScreen.storyboard */ = {
			isa = PBXVariantGroup;
			children = (
				A030DD861E4FB45D0049539D /* Base */,
			);
			name = LaunchScreen.storyboard;
			sourceTree = "<group>";
		};
/* End PBXVariantGroup section */

/* Begin XCBuildConfiguration section */
		A030DD891E4FB45D0049539D /* Debug */ = {
			isa = XCBuildConfiguration;
			buildSettings = {
				ALWAYS_SEARCH_USER_PATHS = NO;
				CLANG_ANALYZER_NONNULL = YES;
				CLANG_CXX_LANGUAGE_STANDARD = "gnu++0x";
				CLANG_CXX_LIBRARY = "libc++";
				CLANG_ENABLE_MODULES = YES;
				CLANG_ENABLE_OBJC_ARC = YES;
				CLANG_WARN_BOOL_CONVERSION = YES;
				CLANG_WARN_CONSTANT_CONVERSION = YES;
				CLANG_WARN_DIRECT_OBJC_ISA_USAGE = YES_ERROR;
				CLANG_WARN_DOCUMENTATION_COMMENTS = YES;
				CLANG_WARN_EMPTY_BODY = YES;
				CLANG_WARN_ENUM_CONVERSION = YES;
				CLANG_WARN_INFINITE_RECURSION = YES;
				CLANG_WARN_INT_CONVERSION = YES;
				CLANG_WARN_OBJC_ROOT_CLASS = YES_ERROR;
				CLANG_WARN_SUSPICIOUS_MOVE = YES;
				CLANG_WARN_UNREACHABLE_CODE = YES;
				CLANG_WARN__DUPLICATE_METHOD_MATCH = YES;
				"CODE_SIGN_IDENTITY[sdk=iphoneos*]" = "iPhone Developer";
				COPY_PHASE_STRIP = NO;
				DEBUG_INFORMATION_FORMAT = dwarf;
				ENABLE_STRICT_OBJC_MSGSEND = YES;
				ENABLE_TESTABILITY = YES;
				GCC_C_LANGUAGE_STANDARD = gnu99;
				GCC_DYNAMIC_NO_PIC = NO;
				GCC_NO_COMMON_BLOCKS = YES;
				GCC_OPTIMIZATION_LEVEL = 0;
				GCC_PREPROCESSOR_DEFINITIONS = (
					"DEBUG=1",
					"$(inherited)",
				);
				GCC_WARN_64_TO_32_BIT_CONVERSION = YES;
				GCC_WARN_ABOUT_RETURN_TYPE = YES_ERROR;
				GCC_WARN_UNDECLARED_SELECTOR = YES;
				GCC_WARN_UNINITIALIZED_AUTOS = YES_AGGRESSIVE;
				GCC_WARN_UNUSED_FUNCTION = YES;
				GCC_WARN_UNUSED_VARIABLE = YES;
				IPHONEOS_DEPLOYMENT_TARGET = 10.2;
				MTL_ENABLE_DEBUG_INFO = YES;
				ONLY_ACTIVE_ARCH = YES;
				SDKROOT = iphoneos;
				SWIFT_ACTIVE_COMPILATION_CONDITIONS = DEBUG;
				SWIFT_OPTIMIZATION_LEVEL = "-Onone";
			};
			name = Debug;
		};
		A030DD8A1E4FB45D0049539D /* Release */ = {
			isa = XCBuildConfiguration;
			buildSettings = {
				ALWAYS_SEARCH_USER_PATHS = NO;
				CLANG_ANALYZER_NONNULL = YES;
				CLANG_CXX_LANGUAGE_STANDARD = "gnu++0x";
				CLANG_CXX_LIBRARY = "libc++";
				CLANG_ENABLE_MODULES = YES;
				CLANG_ENABLE_OBJC_ARC = YES;
				CLANG_WARN_BOOL_CONVERSION = YES;
				CLANG_WARN_CONSTANT_CONVERSION = YES;
				CLANG_WARN_DIRECT_OBJC_ISA_USAGE = YES_ERROR;
				CLANG_WARN_DOCUMENTATION_COMMENTS = YES;
				CLANG_WARN_EMPTY_BODY = YES;
				CLANG_WARN_ENUM_CONVERSION = YES;
				CLANG_WARN_INFINITE_RECURSION = YES;
				CLANG_WARN_INT_CONVERSION = YES;
				CLANG_WARN_OBJC_ROOT_CLASS = YES_ERROR;
				CLANG_WARN_SUSPICIOUS_MOVE = YES;
				CLANG_WARN_UNREACHABLE_CODE = YES;
				CLANG_WARN__DUPLICATE_METHOD_MATCH = YES;
				"CODE_SIGN_IDENTITY[sdk=iphoneos*]" = "iPhone Developer";
				COPY_PHASE_STRIP = NO;
				DEBUG_INFORMATION_FORMAT = "dwarf-with-dsym";
				ENABLE_NS_ASSERTIONS = NO;
				ENABLE_STRICT_OBJC_MSGSEND = YES;
				GCC_C_LANGUAGE_STANDARD = gnu99;
				GCC_NO_COMMON_BLOCKS = YES;
				GCC_WARN_64_TO_32_BIT_CONVERSION = YES;
				GCC_WARN_ABOUT_RETURN_TYPE = YES_ERROR;
				GCC_WARN_UNDECLARED_SELECTOR = YES;
				GCC_WARN_UNINITIALIZED_AUTOS = YES_AGGRESSIVE;
				GCC_WARN_UNUSED_FUNCTION = YES;
				GCC_WARN_UNUSED_VARIABLE = YES;
				IPHONEOS_DEPLOYMENT_TARGET = 10.2;
				MTL_ENABLE_DEBUG_INFO = NO;
				SDKROOT = iphoneos;
				SWIFT_OPTIMIZATION_LEVEL = "-Owholemodule";
				VALIDATE_PRODUCT = YES;
			};
			name = Release;
		};
		A030DD8C1E4FB45D0049539D /* Debug */ = {
			isa = XCBuildConfiguration;
			baseConfigurationReference = 265CA14D6751A56538014C0B /* Pods-Bar Tabs.debug.xcconfig */;
			buildSettings = {
				ASSETCATALOG_COMPILER_APPICON_NAME = AppIcon;
				INFOPLIST_FILE = "Bar Tabs/Info.plist";
				LD_RUNPATH_SEARCH_PATHS = "$(inherited) @executable_path/Frameworks";
				PRODUCT_BUNDLE_IDENTIFIER = "com.muhlenberg.Bar-Tabs";
				PRODUCT_NAME = "$(TARGET_NAME)";
				SWIFT_VERSION = 3.0;
			};
			name = Debug;
		};
		A030DD8D1E4FB45D0049539D /* Release */ = {
			isa = XCBuildConfiguration;
			baseConfigurationReference = B9B886795B43E4489287E26A /* Pods-Bar Tabs.release.xcconfig */;
			buildSettings = {
				ASSETCATALOG_COMPILER_APPICON_NAME = AppIcon;
				INFOPLIST_FILE = "Bar Tabs/Info.plist";
				LD_RUNPATH_SEARCH_PATHS = "$(inherited) @executable_path/Frameworks";
				PRODUCT_BUNDLE_IDENTIFIER = "com.muhlenberg.Bar-Tabs";
				PRODUCT_NAME = "$(TARGET_NAME)";
				SWIFT_VERSION = 3.0;
			};
			name = Release;
		};
/* End XCBuildConfiguration section */

/* Begin XCConfigurationList section */
		A030DD741E4FB45D0049539D /* Build configuration list for PBXProject "Bar Tabs" */ = {
			isa = XCConfigurationList;
			buildConfigurations = (
				A030DD891E4FB45D0049539D /* Debug */,
				A030DD8A1E4FB45D0049539D /* Release */,
			);
			defaultConfigurationIsVisible = 0;
			defaultConfigurationName = Release;
		};
		A030DD8B1E4FB45D0049539D /* Build configuration list for PBXNativeTarget "Bar Tabs" */ = {
			isa = XCConfigurationList;
			buildConfigurations = (
				A030DD8C1E4FB45D0049539D /* Debug */,
				A030DD8D1E4FB45D0049539D /* Release */,
			);
			defaultConfigurationIsVisible = 0;
			defaultConfigurationName = Release;
		};
/* End XCConfigurationList section */
	};
	rootObject = A030DD711E4FB45D0049539D /* Project object */;
}
